
Microsoft Visual Studio Solution File, Format Version 12.00
# Visual Studio Version 17
VisualStudioVersion = 17.0.31903.59
MinimumVisualStudioVersion = 10.0.40219.1
Project("{2150E333-8FDC-42A3-9474-1A3956D46DE8}") = "src", "src", "{827E0CD3-B72D-47B6-A68D-7590B98EB39B}"
EndProject
Project("{2150E333-8FDC-42A3-9474-1A3956D46DE8}") = "Web", "Web", "{03997797-E7F5-0643-168D-B8EA7178C2FE}"
EndProject
Project("{FAE04EC0-301F-11D3-BF4B-00C04F79EFBC}") = "EnterpriseApp.Web", "src\Web\EnterpriseApp.Web.csproj", "{BC833B9A-C27E-48F1-8B35-DD883CA62022}"
EndProject
Project("{2150E333-8FDC-42A3-9474-1A3956D46DE8}") = "Application", "Application", "{22BAF98C-8415-17C4-B26A-D537657BC863}"
EndProject
Project("{FAE04EC0-301F-11D3-BF4B-00C04F79EFBC}") = "EnterpriseApp.Application", "src\Application\EnterpriseApp.Application.csproj", "{4B32D372-5656-4B9E-ADD3-C2FAF82FA07D}"
EndProject
Project("{2150E333-8FDC-42A3-9474-1A3956D46DE8}") = "Core", "Core", "{8D626EA8-CB54-BC41-363A-217881BEBA6E}"
EndProject
Project("{FAE04EC0-301F-11D3-BF4B-00C04F79EFBC}") = "EnterpriseApp.Core", "src\Core\EnterpriseApp.Core.csproj", "{62006E3B-C604-413C-ACF1-130F8E415A9E}"
EndProject
Project("{2150E333-8FDC-42A3-9474-1A3956D46DE8}") = "Infrastructure", "Infrastructure", "{9048EB7F-3875-A59E-E36B-5BD4C6F2A282}"
EndProject
Project("{FAE04EC0-301F-11D3-BF4B-00C04F79EFBC}") = "EnterpriseApp.Infrastructure", "src\Infrastructure\EnterpriseApp.Infrastructure.csproj", "{6E51D3E5-ADCF-49A3-98B5-5DFA02D62361}"
EndProject
Project("{2150E333-8FDC-42A3-9474-1A3956D46DE8}") = "tests", "tests", "{0AB3BF05-4346-4AA6-1389-037BE0695223}"
EndProject
Project("{FAE04EC0-301F-11D3-BF4B-00C04F79EFBC}") = "EnterpriseApp.UnitTests", "tests\EnterpriseApp.UnitTests\EnterpriseApp.UnitTests.csproj", "{F8113C7E-9D87-482F-B1FF-FCFC0116FB93}"
EndProject
Project("{FAE04EC0-301F-11D3-BF4B-00C04F79EFBC}") = "EnterpriseApp.IntegrationTests", "tests\EnterpriseApp.IntegrationTests\EnterpriseApp.IntegrationTests.csproj", "{40493E04-C0ED-474B-B1C1-1FAD79F91CED}"
EndProject
Global
	GlobalSection(SolutionConfigurationPlatforms) = preSolution
		Debug|Any CPU = Debug|Any CPU
		Debug|x64 = Debug|x64
		Debug|x86 = Debug|x86
		Release|Any CPU = Release|Any CPU
		Release|x64 = Release|x64
		Release|x86 = Release|x86
	EndGlobalSection
	GlobalSection(ProjectConfigurationPlatforms) = postSolution
		{BC833B9A-C27E-48F1-8B35-DD883CA62022}.Debug|Any CPU.ActiveCfg = Debug|Any CPU
		{BC833B9A-C27E-48F1-8B35-DD883CA62022}.Debug|Any CPU.Build.0 = Debug|Any CPU
		{BC833B9A-C27E-48F1-8B35-DD883CA62022}.Debug|x64.ActiveCfg = Debug|Any CPU
		{BC833B9A-C27E-48F1-8B35-DD883CA62022}.Debug|x64.Build.0 = Debug|Any CPU
		{BC833B9A-C27E-48F1-8B35-DD883CA62022}.Debug|x86.ActiveCfg = Debug|Any CPU
		{BC833B9A-C27E-48F1-8B35-DD883CA62022}.Debug|x86.Build.0 = Debug|Any CPU
		{BC833B9A-C27E-48F1-8B35-DD883CA62022}.Release|Any CPU.ActiveCfg = Release|Any CPU
		{BC833B9A-C27E-48F1-8B35-DD883CA62022}.Release|Any CPU.Build.0 = Release|Any CPU
		{BC833B9A-C27E-48F1-8B35-DD883CA62022}.Release|x64.ActiveCfg = Release|Any CPU
		{BC833B9A-C27E-48F1-8B35-DD883CA62022}.Release|x64.Build.0 = Release|Any CPU
		{BC833B9A-C27E-48F1-8B35-DD883CA62022}.Release|x86.ActiveCfg = Release|Any CPU
		{BC833B9A-C27E-48F1-8B35-DD883CA62022}.Release|x86.Build.0 = Release|Any CPU
		{4B32D372-5656-4B9E-ADD3-C2FAF82FA07D}.Debug|Any CPU.ActiveCfg = Debug|Any CPU
		{4B32D372-5656-4B9E-ADD3-C2FAF82FA07D}.Debug|Any CPU.Build.0 = Debug|Any CPU
		{4B32D372-5656-4B9E-ADD3-C2FAF82FA07D}.Debug|x64.ActiveCfg = Debug|Any CPU
		{4B32D372-5656-4B9E-ADD3-C2FAF82FA07D}.Debug|x64.Build.0 = Debug|Any CPU
		{4B32D372-5656-4B9E-ADD3-C2FAF82FA07D}.Debug|x86.ActiveCfg = Debug|Any CPU
		{4B32D372-5656-4B9E-ADD3-C2FAF82FA07D}.Debug|x86.Build.0 = Debug|Any CPU
		{4B32D372-5656-4B9E-ADD3-C2FAF82FA07D}.Release|Any CPU.ActiveCfg = Release|Any CPU
		{4B32D372-5656-4B9E-ADD3-C2FAF82FA07D}.Release|Any CPU.Build.0 = Release|Any CPU
		{4B32D372-5656-4B9E-ADD3-C2FAF82FA07D}.Release|x64.ActiveCfg = Release|Any CPU
		{4B32D372-5656-4B9E-ADD3-C2FAF82FA07D}.Release|x64.Build.0 = Release|Any CPU
		{4B32D372-5656-4B9E-ADD3-C2FAF82FA07D}.Release|x86.ActiveCfg = Release|Any CPU
		{4B32D372-5656-4B9E-ADD3-C2FAF82FA07D}.Release|x86.Build.0 = Release|Any CPU
		{62006E3B-C604-413C-ACF1-130F8E415A9E}.Debug|Any CPU.ActiveCfg = Debug|Any CPU
		{62006E3B-C604-413C-ACF1-130F8E415A9E}.Debug|Any CPU.Build.0 = Debug|Any CPU
		{62006E3B-C604-413C-ACF1-130F8E415A9E}.Debug|x64.ActiveCfg = Debug|Any CPU
		{62006E3B-C604-413C-ACF1-130F8E415A9E}.Debug|x64.Build.0 = Debug|Any CPU
		{62006E3B-C604-413C-ACF1-130F8E415A9E}.Debug|x86.ActiveCfg = Debug|Any CPU
		{62006E3B-C604-413C-ACF1-130F8E415A9E}.Debug|x86.Build.0 = Debug|Any CPU
		{62006E3B-C604-413C-ACF1-130F8E415A9E}.Release|Any CPU.ActiveCfg = Release|Any CPU
		{62006E3B-C604-413C-ACF1-130F8E415A9E}.Release|Any CPU.Build.0 = Release|Any CPU
		{62006E3B-C604-413C-ACF1-130F8E415A9E}.Release|x64.ActiveCfg = Release|Any CPU
		{62006E3B-C604-413C-ACF1-130F8E415A9E}.Release|x64.Build.0 = Release|Any CPU
		{62006E3B-C604-413C-ACF1-130F8E415A9E}.Release|x86.ActiveCfg = Release|Any CPU
		{62006E3B-C604-413C-ACF1-130F8E415A9E}.Release|x86.Build.0 = Release|Any CPU
		{6E51D3E5-ADCF-49A3-98B5-5DFA02D62361}.Debug|Any CPU.ActiveCfg = Debug|Any CPU
		{6E51D3E5-ADCF-49A3-98B5-5DFA02D62361}.Debug|Any CPU.Build.0 = Debug|Any CPU
		{6E51D3E5-ADCF-49A3-98B5-5DFA02D62361}.Debug|x64.ActiveCfg = Debug|Any CPU
		{6E51D3E5-ADCF-49A3-98B5-5DFA02D62361}.Debug|x64.Build.0 = Debug|Any CPU
		{6E51D3E5-ADCF-49A3-98B5-5DFA02D62361}.Debug|x86.ActiveCfg = Debug|Any CPU
		{6E51D3E5-ADCF-49A3-98B5-5DFA02D62361}.Debug|x86.Build.0 = Debug|Any CPU
		{6E51D3E5-ADCF-49A3-98B5-5DFA02D62361}.Release|Any CPU.ActiveCfg = Release|Any CPU
		{6E51D3E5-ADCF-49A3-98B5-5DFA02D62361}.Release|Any CPU.Build.0 = Release|Any CPU
		{6E51D3E5-ADCF-49A3-98B5-5DFA02D62361}.Release|x64.ActiveCfg = Release|Any CPU
		{6E51D3E5-ADCF-49A3-98B5-5DFA02D62361}.Release|x64.Build.0 = Release|Any CPU
		{6E51D3E5-ADCF-49A3-98B5-5DFA02D62361}.Release|x86.ActiveCfg = Release|Any CPU
		{6E51D3E5-ADCF-49A3-98B5-5DFA02D62361}.Release|x86.Build.0 = Release|Any CPU
		{F8113C7E-9D87-482F-B1FF-FCFC0116FB93}.Debug|Any CPU.ActiveCfg = Debug|Any CPU
		{F8113C7E-9D87-482F-B1FF-FCFC0116FB93}.Debug|Any CPU.Build.0 = Debug|Any CPU
		{F8113C7E-9D87-482F-B1FF-FCFC0116FB93}.Debug|x64.ActiveCfg = Debug|Any CPU
		{F8113C7E-9D87-482F-B1FF-FCFC0116FB93}.Debug|x64.Build.0 = Debug|Any CPU
		{F8113C7E-9D87-482F-B1FF-FCFC0116FB93}.Debug|x86.ActiveCfg = Debug|Any CPU
		{F8113C7E-9D87-482F-B1FF-FCFC0116FB93}.Debug|x86.Build.0 = Debug|Any CPU
		{F8113C7E-9D87-482F-B1FF-FCFC0116FB93}.Release|Any CPU.ActiveCfg = Release|Any CPU
		{F8113C7E-9D87-482F-B1FF-FCFC0116FB93}.Release|Any CPU.Build.0 = Release|Any CPU
		{F8113C7E-9D87-482F-B1FF-FCFC0116FB93}.Release|x64.ActiveCfg = Release|Any CPU
		{F8113C7E-9D87-482F-B1FF-FCFC0116FB93}.Release|x64.Build.0 = Release|Any CPU
		{F8113C7E-9D87-482F-B1FF-FCFC0116FB93}.Release|x86.ActiveCfg = Release|Any CPU
		{F8113C7E-9D87-482F-B1FF-FCFC0116FB93}.Release|x86.Build.0 = Release|Any CPU
		{40493E04-C0ED-474B-B1C1-1FAD79F91CED}.Debug|Any CPU.ActiveCfg = Debug|Any CPU
		{40493E04-C0ED-474B-B1C1-1FAD79F91CED}.Debug|Any CPU.Build.0 = Debug|Any CPU
		{40493E04-C0ED-474B-B1C1-1FAD79F91CED}.Debug|x64.ActiveCfg = Debug|Any CPU
		{40493E04-C0ED-474B-B1C1-1FAD79F91CED}.Debug|x64.Build.0 = Debug|Any CPU
		{40493E04-C0ED-474B-B1C1-1FAD79F91CED}.Debug|x86.ActiveCfg = Debug|Any CPU
		{40493E04-C0ED-474B-B1C1-1FAD79F91CED}.Debug|x86.Build.0 = Debug|Any CPU
		{40493E04-C0ED-474B-B1C1-1FAD79F91CED}.Release|Any CPU.ActiveCfg = Release|Any CPU
		{40493E04-C0ED-474B-B1C1-1FAD79F91CED}.Release|Any CPU.Build.0 = Release|Any CPU
		{40493E04-C0ED-474B-B1C1-1FAD79F91CED}.Release|x64.ActiveCfg = Release|Any CPU
		{40493E04-C0ED-474B-B1C1-1FAD79F91CED}.Release|x64.Build.0 = Release|Any CPU
		{40493E04-C0ED-474B-B1C1-1FAD79F91CED}.Release|x86.ActiveCfg = Release|Any CPU
		{40493E04-C0ED-474B-B1C1-1FAD79F91CED}.Release|x86.Build.0 = Release|Any CPU
	EndGlobalSection
	GlobalSection(SolutionProperties) = preSolution
		HideSolutionNode = FALSE
	EndGlobalSection
	GlobalSection(NestedProjects) = preSolution
		{03997797-E7F5-0643-168D-B8EA7178C2FE} = {827E0CD3-B72D-47B6-A68D-7590B98EB39B}
		{BC833B9A-C27E-48F1-8B35-DD883CA62022} = {03997797-E7F5-0643-168D-B8EA7178C2FE}
		{22BAF98C-8415-17C4-B26A-D537657BC863} = {827E0CD3-B72D-47B6-A68D-7590B98EB39B}
		{4B32D372-5656-4B9E-ADD3-C2FAF82FA07D} = {22BAF98C-8415-17C4-B26A-D537657BC863}
		{8D626EA8-CB54-BC41-363A-217881BEBA6E} = {827E0CD3-B72D-47B6-A68D-7590B98EB39B}
		{62006E3B-C604-413C-ACF1-130F8E415A9E} = {8D626EA8-CB54-BC41-363A-217881BEBA6E}
		{9048EB7F-3875-A59E-E36B-5BD4C6F2A282} = {827E0CD3-B72D-47B6-A68D-7590B98EB39B}
		{6E51D3E5-ADCF-49A3-98B5-5DFA02D62361} = {9048EB7F-3875-A59E-E36B-5BD4C6F2A282}
		{F8113C7E-9D87-482F-B1FF-FCFC0116FB93} = {0AB3BF05-4346-4AA6-1389-037BE0695223}
		{40493E04-C0ED-474B-B1C1-1FAD79F91CED} = {0AB3BF05-4346-4AA6-1389-037BE0695223}
	EndGlobalSection
EndGlobal
